<?xml version="1.0" encoding="UTF-8"?>
<CodeBlocks_project_file>
	<FileVersion major="1" minor="6"/>
	<Project>
		<Option title="deepin-devicemanager"/>
		<Option makefile_is_custom="1"/>
		<Option compiler="gcc"/>
		<Option virtualFolders="CMake Files\;CMake Files\src\;CMake Files\..\;CMake Files\..\..\;CMake Files\..\..\..\;CMake Files\..\..\..\..\;CMake Files\..\..\..\..\..\;CMake Files\..\..\..\..\..\..\;CMake Files\..\..\..\..\..\..\..\;CMake Files\..\..\..\..\..\..\..\..\;CMake Files\..\..\..\..\..\..\..\..\..\;CMake Files\..\..\..\..\..\..\..\..\..\usr\;CMake Files\..\..\..\..\..\..\..\..\..\usr\lib\;CMake Files\..\..\..\..\..\..\..\..\..\usr\lib\x86_64-linux-gnu\;CMake Files\..\..\..\..\..\..\..\..\..\usr\lib\x86_64-linux-gnu\cmake\;CMake Files\..\..\..\..\..\..\..\..\..\usr\lib\x86_64-linux-gnu\cmake\Qt5Widgets\;CMake Files\..\..\..\..\..\..\..\..\..\usr\lib\x86_64-linux-gnu\cmake\Qt5Gui\;CMake Files\..\..\..\..\..\..\..\..\..\usr\lib\x86_64-linux-gnu\cmake\Qt5Core\;CMake Files\..\..\..\..\..\..\..\..\..\usr\lib\x86_64-linux-gnu\cmake\Qt5\;CMake Files\..\..\..\..\..\..\..\..\..\usr\lib\x86_64-linux-gnu\cmake\Qt5DBus\;CMake Files\..\..\..\..\..\..\..\..\..\usr\lib\x86_64-linux-gnu\cmake\Qt5Xml\;CMake Files\..\..\..\..\..\..\..\..\..\usr\lib\x86_64-linux-gnu\cmake\DtkWidget\;CMake Files\..\..\..\..\..\..\..\..\..\usr\lib\x86_64-linux-gnu\cmake\Dtk\;CMake Files\..\..\..\..\..\..\..\..\..\usr\lib\x86_64-linux-gnu\cmake\DtkCore\;CMake Files\..\..\..\..\..\..\..\..\..\usr\lib\x86_64-linux-gnu\cmake\DtkGui\;CMake Files\..\..\..\..\..\..\..\..\..\usr\lib\x86_64-linux-gnu\cmake\DFrameworkdbus\;CMake Files\assets\;"/>
		<Build>
			<Target title="all">
				<Option working_dir="/data/home/liujun/Work/Project/DeviceManager/sp2/dde_devicemanager/build-deepin-devicemanager-unknown-Debug"/>
				<Option type="4"/>
				<MakeCommands>
					<Build command="/usr/bin/make -j8 -f &quot;/data/home/liujun/Work/Project/DeviceManager/sp2/dde_devicemanager/build-deepin-devicemanager-unknown-Debug/Makefile&quot;  VERBOSE=1 all"/>
					<CompileFile command="/usr/bin/make -j8 -f &quot;/data/home/liujun/Work/Project/DeviceManager/sp2/dde_devicemanager/build-deepin-devicemanager-unknown-Debug/Makefile&quot;  VERBOSE=1 &quot;$file&quot;"/>
					<Clean command="/usr/bin/make -j8 -f &quot;/data/home/liujun/Work/Project/DeviceManager/sp2/dde_devicemanager/build-deepin-devicemanager-unknown-Debug/Makefile&quot;  VERBOSE=1 clean"/>
					<DistClean command="/usr/bin/make -j8 -f &quot;/data/home/liujun/Work/Project/DeviceManager/sp2/dde_devicemanager/build-deepin-devicemanager-unknown-Debug/Makefile&quot;  VERBOSE=1 clean"/>
				</MakeCommands>
			</Target>
			<Target title="install/strip">
				<Option working_dir="/data/home/liujun/Work/Project/DeviceManager/sp2/dde_devicemanager/build-deepin-devicemanager-unknown-Debug"/>
				<Option type="4"/>
				<MakeCommands>
					<Build command="/usr/bin/make -j8 -f &quot;/data/home/liujun/Work/Project/DeviceManager/sp2/dde_devicemanager/build-deepin-devicemanager-unknown-Debug/Makefile&quot;  VERBOSE=1 install/strip"/>
					<CompileFile command="/usr/bin/make -j8 -f &quot;/data/home/liujun/Work/Project/DeviceManager/sp2/dde_devicemanager/build-deepin-devicemanager-unknown-Debug/Makefile&quot;  VERBOSE=1 &quot;$file&quot;"/>
					<Clean command="/usr/bin/make -j8 -f &quot;/data/home/liujun/Work/Project/DeviceManager/sp2/dde_devicemanager/build-deepin-devicemanager-unknown-Debug/Makefile&quot;  VERBOSE=1 clean"/>
					<DistClean command="/usr/bin/make -j8 -f &quot;/data/home/liujun/Work/Project/DeviceManager/sp2/dde_devicemanager/build-deepin-devicemanager-unknown-Debug/Makefile&quot;  VERBOSE=1 clean"/>
				</MakeCommands>
			</Target>
			<Target title="edit_cache">
				<Option working_dir="/data/home/liujun/Work/Project/DeviceManager/sp2/dde_devicemanager/build-deepin-devicemanager-unknown-Debug"/>
				<Option type="4"/>
				<MakeCommands>
					<Build command="/usr/bin/make -j8 -f &quot;/data/home/liujun/Work/Project/DeviceManager/sp2/dde_devicemanager/build-deepin-devicemanager-unknown-Debug/Makefile&quot;  VERBOSE=1 edit_cache"/>
					<CompileFile command="/usr/bin/make -j8 -f &quot;/data/home/liujun/Work/Project/DeviceManager/sp2/dde_devicemanager/build-deepin-devicemanager-unknown-Debug/Makefile&quot;  VERBOSE=1 &quot;$file&quot;"/>
					<Clean command="/usr/bin/make -j8 -f &quot;/data/home/liujun/Work/Project/DeviceManager/sp2/dde_devicemanager/build-deepin-devicemanager-unknown-Debug/Makefile&quot;  VERBOSE=1 clean"/>
					<DistClean command="/usr/bin/make -j8 -f &quot;/data/home/liujun/Work/Project/DeviceManager/sp2/dde_devicemanager/build-deepin-devicemanager-unknown-Debug/Makefile&quot;  VERBOSE=1 clean"/>
				</MakeCommands>
			</Target>
			<Target title="list_install_components">
				<Option working_dir="/data/home/liujun/Work/Project/DeviceManager/sp2/dde_devicemanager/build-deepin-devicemanager-unknown-Debug"/>
				<Option type="4"/>
				<MakeCommands>
					<Build command="/usr/bin/make -j8 -f &quot;/data/home/liujun/Work/Project/DeviceManager/sp2/dde_devicemanager/build-deepin-devicemanager-unknown-Debug/Makefile&quot;  VERBOSE=1 list_install_components"/>
					<CompileFile command="/usr/bin/make -j8 -f &quot;/data/home/liujun/Work/Project/DeviceManager/sp2/dde_devicemanager/build-deepin-devicemanager-unknown-Debug/Makefile&quot;  VERBOSE=1 &quot;$file&quot;"/>
					<Clean command="/usr/bin/make -j8 -f &quot;/data/home/liujun/Work/Project/DeviceManager/sp2/dde_devicemanager/build-deepin-devicemanager-unknown-Debug/Makefile&quot;  VERBOSE=1 clean"/>
					<DistClean command="/usr/bin/make -j8 -f &quot;/data/home/liujun/Work/Project/DeviceManager/sp2/dde_devicemanager/build-deepin-devicemanager-unknown-Debug/Makefile&quot;  VERBOSE=1 clean"/>
				</MakeCommands>
			</Target>
			<Target title="install/local">
				<Option working_dir="/data/home/liujun/Work/Project/DeviceManager/sp2/dde_devicemanager/build-deepin-devicemanager-unknown-Debug"/>
				<Option type="4"/>
				<MakeCommands>
					<Build command="/usr/bin/make -j8 -f &quot;/data/home/liujun/Work/Project/DeviceManager/sp2/dde_devicemanager/build-deepin-devicemanager-unknown-Debug/Makefile&quot;  VERBOSE=1 install/local"/>
					<CompileFile command="/usr/bin/make -j8 -f &quot;/data/home/liujun/Work/Project/DeviceManager/sp2/dde_devicemanager/build-deepin-devicemanager-unknown-Debug/Makefile&quot;  VERBOSE=1 &quot;$file&quot;"/>
					<Clean command="/usr/bin/make -j8 -f &quot;/data/home/liujun/Work/Project/DeviceManager/sp2/dde_devicemanager/build-deepin-devicemanager-unknown-Debug/Makefile&quot;  VERBOSE=1 clean"/>
					<DistClean command="/usr/bin/make -j8 -f &quot;/data/home/liujun/Work/Project/DeviceManager/sp2/dde_devicemanager/build-deepin-devicemanager-unknown-Debug/Makefile&quot;  VERBOSE=1 clean"/>
				</MakeCommands>
			</Target>
			<Target title="deepin-devicemanager">
				<Option output="/data/home/liujun/Work/Project/DeviceManager/sp2/dde_devicemanager/build-deepin-devicemanager-unknown-Debug/deepin-devicemanager" prefix_auto="0" extension_auto="0"/>
				<Option working_dir="/data/home/liujun/Work/Project/DeviceManager/sp2/dde_devicemanager/build-deepin-devicemanager-unknown-Debug"/>
				<Option object_output="./"/>
				<Option type="1"/>
				<Option compiler="gcc"/>
				<Compiler>
					<Add option="-DQT_MESSAGELOGCONTEXT"/>
					<Add option="-DQT_CORE_LIB"/>
					<Add option="-DQT_GUI_LIB"/>
					<Add option="-DQT_WIDGETS_LIB"/>
					<Add option="-DQT_DBUS_LIB"/>
					<Add option="-DQT_XML_LIB"/>
					<Add directory="/data/home/liujun/Work/Project/DeviceManager/sp2/dde_devicemanager/build-deepin-devicemanager-unknown-Debug"/>
					<Add directory="/data/home/liujun/Work/Project/DeviceManager/sp2/dde_devicemanager/deepin-devicemanager"/>
					<Add directory="/data/home/liujun/Work/Project/DeviceManager/sp2/dde_devicemanager/build-deepin-devicemanager-unknown-Debug/deepin-devicemanager_autogen/include"/>
					<Add directory="/data/home/liujun/Work/Project/DeviceManager/sp2/dde_devicemanager/deepin-devicemanager/src"/>
					<Add directory="/data/home/liujun/Work/Project/DeviceManager/sp2/dde_devicemanager/deepin-devicemanager/src/DeviceManager"/>
					<Add directory="/data/home/liujun/Work/Project/DeviceManager/sp2/dde_devicemanager/deepin-devicemanager/src/LoadInfo"/>
					<Add directory="/data/home/liujun/Work/Project/DeviceManager/sp2/dde_devicemanager/deepin-devicemanager/src/ThreadPool"/>
					<Add directory="/data/home/liujun/Work/Project/DeviceManager/sp2/dde_devicemanager/deepin-devicemanager/src/Widget"/>
					<Add directory="/data/home/liujun/Work/Project/DeviceManager/sp2/dde_devicemanager/deepin-devicemanager/3rdparty/QtXlsxWriter/include/QtXlsx"/>
					<Add directory="/data/home/liujun/Work/Project/DeviceManager/sp2/dde_devicemanager/deepin-devicemanager/3rdparty/docx"/>
					<Add directory="/usr/include/cups"/>
					<Add directory="/usr/include/libdtk-5.2.2/DCore"/>
					<Add directory="/usr/include/libdtk-5.2.1/DCore/../DGui"/>
					<Add directory="/usr/include/libdtk-5.2.2/DCore/../DWidget"/>
					<Add directory="/usr/include/libdframeworkdbus-2.0"/>
					<Add directory="/usr/include/x86_64-linux-gnu/qt5/QtGui/5.11.3"/>
					<Add directory="/usr/include/x86_64-linux-gnu/qt5/QtGui/5.11.3/QtGui"/>
					<Add directory="/usr/include/x86_64-linux-gnu/qt5/QtCore/5.11.3"/>
					<Add directory="/usr/include/x86_64-linux-gnu/qt5/QtCore/5.11.3/QtCore"/>
					<Add directory="/usr/include/x86_64-linux-gnu/qt5"/>
					<Add directory="/usr/include/x86_64-linux-gnu/qt5/QtCore"/>
					<Add directory="/usr/lib/x86_64-linux-gnu/qt5/mkspecs/linux-g++"/>
					<Add directory="/usr/include/x86_64-linux-gnu/qt5/QtGui"/>
					<Add directory="/usr/include/x86_64-linux-gnu/qt5/QtWidgets"/>
					<Add directory="/usr/include/x86_64-linux-gnu/qt5/QtDBus"/>
					<Add directory="/usr/include/x86_64-linux-gnu/qt5/QtXml"/>
					<Add directory="/usr/include/c++/8"/>
					<Add directory="/usr/include/x86_64-linux-gnu/c++/8"/>
					<Add directory="/usr/include/c++/8/backward"/>
					<Add directory="/usr/lib/gcc/x86_64-linux-gnu/8/include"/>
					<Add directory="/usr/local/include"/>
					<Add directory="/usr/lib/gcc/x86_64-linux-gnu/8/include-fixed"/>
					<Add directory="/usr/include/x86_64-linux-gnu"/>
					<Add directory="/usr/include"/>
				</Compiler>
				<MakeCommands>
					<Build command="/usr/bin/make -j8 -f &quot;/data/home/liujun/Work/Project/DeviceManager/sp2/dde_devicemanager/build-deepin-devicemanager-unknown-Debug/Makefile&quot;  VERBOSE=1 deepin-devicemanager"/>
					<CompileFile command="/usr/bin/make -j8 -f &quot;/data/home/liujun/Work/Project/DeviceManager/sp2/dde_devicemanager/build-deepin-devicemanager-unknown-Debug/Makefile&quot;  VERBOSE=1 &quot;$file&quot;"/>
					<Clean command="/usr/bin/make -j8 -f &quot;/data/home/liujun/Work/Project/DeviceManager/sp2/dde_devicemanager/build-deepin-devicemanager-unknown-Debug/Makefile&quot;  VERBOSE=1 clean"/>
					<DistClean command="/usr/bin/make -j8 -f &quot;/data/home/liujun/Work/Project/DeviceManager/sp2/dde_devicemanager/build-deepin-devicemanager-unknown-Debug/Makefile&quot;  VERBOSE=1 clean"/>
				</MakeCommands>
			</Target>
			<Target title="deepin-devicemanager/fast">
				<Option output="/data/home/liujun/Work/Project/DeviceManager/sp2/dde_devicemanager/build-deepin-devicemanager-unknown-Debug/deepin-devicemanager" prefix_auto="0" extension_auto="0"/>
				<Option working_dir="/data/home/liujun/Work/Project/DeviceManager/sp2/dde_devicemanager/build-deepin-devicemanager-unknown-Debug"/>
				<Option object_output="./"/>
				<Option type="1"/>
				<Option compiler="gcc"/>
				<Compiler>
					<Add option="-DQT_MESSAGELOGCONTEXT"/>
					<Add option="-DQT_CORE_LIB"/>
					<Add option="-DQT_GUI_LIB"/>
					<Add option="-DQT_WIDGETS_LIB"/>
					<Add option="-DQT_DBUS_LIB"/>
					<Add option="-DQT_XML_LIB"/>
					<Add directory="/data/home/liujun/Work/Project/DeviceManager/sp2/dde_devicemanager/build-deepin-devicemanager-unknown-Debug"/>
					<Add directory="/data/home/liujun/Work/Project/DeviceManager/sp2/dde_devicemanager/deepin-devicemanager"/>
					<Add directory="/data/home/liujun/Work/Project/DeviceManager/sp2/dde_devicemanager/build-deepin-devicemanager-unknown-Debug/deepin-devicemanager_autogen/include"/>
					<Add directory="/data/home/liujun/Work/Project/DeviceManager/sp2/dde_devicemanager/deepin-devicemanager/src"/>
					<Add directory="/data/home/liujun/Work/Project/DeviceManager/sp2/dde_devicemanager/deepin-devicemanager/src/DeviceManager"/>
					<Add directory="/data/home/liujun/Work/Project/DeviceManager/sp2/dde_devicemanager/deepin-devicemanager/src/LoadInfo"/>
					<Add directory="/data/home/liujun/Work/Project/DeviceManager/sp2/dde_devicemanager/deepin-devicemanager/src/ThreadPool"/>
					<Add directory="/data/home/liujun/Work/Project/DeviceManager/sp2/dde_devicemanager/deepin-devicemanager/src/Widget"/>
					<Add directory="/data/home/liujun/Work/Project/DeviceManager/sp2/dde_devicemanager/deepin-devicemanager/3rdparty/QtXlsxWriter/include/QtXlsx"/>
					<Add directory="/data/home/liujun/Work/Project/DeviceManager/sp2/dde_devicemanager/deepin-devicemanager/3rdparty/docx"/>
					<Add directory="/usr/include/cups"/>
					<Add directory="/usr/include/libdtk-5.2.2/DCore"/>
					<Add directory="/usr/include/libdtk-5.2.1/DCore/../DGui"/>
					<Add directory="/usr/include/libdtk-5.2.2/DCore/../DWidget"/>
					<Add directory="/usr/include/libdframeworkdbus-2.0"/>
					<Add directory="/usr/include/x86_64-linux-gnu/qt5/QtGui/5.11.3"/>
					<Add directory="/usr/include/x86_64-linux-gnu/qt5/QtGui/5.11.3/QtGui"/>
					<Add directory="/usr/include/x86_64-linux-gnu/qt5/QtCore/5.11.3"/>
					<Add directory="/usr/include/x86_64-linux-gnu/qt5/QtCore/5.11.3/QtCore"/>
					<Add directory="/usr/include/x86_64-linux-gnu/qt5"/>
					<Add directory="/usr/include/x86_64-linux-gnu/qt5/QtCore"/>
					<Add directory="/usr/lib/x86_64-linux-gnu/qt5/mkspecs/linux-g++"/>
					<Add directory="/usr/include/x86_64-linux-gnu/qt5/QtGui"/>
					<Add directory="/usr/include/x86_64-linux-gnu/qt5/QtWidgets"/>
					<Add directory="/usr/include/x86_64-linux-gnu/qt5/QtDBus"/>
					<Add directory="/usr/include/x86_64-linux-gnu/qt5/QtXml"/>
					<Add directory="/usr/include/c++/8"/>
					<Add directory="/usr/include/x86_64-linux-gnu/c++/8"/>
					<Add directory="/usr/include/c++/8/backward"/>
					<Add directory="/usr/lib/gcc/x86_64-linux-gnu/8/include"/>
					<Add directory="/usr/local/include"/>
					<Add directory="/usr/lib/gcc/x86_64-linux-gnu/8/include-fixed"/>
					<Add directory="/usr/include/x86_64-linux-gnu"/>
					<Add directory="/usr/include"/>
				</Compiler>
				<MakeCommands>
					<Build command="/usr/bin/make -j8 -f &quot;/data/home/liujun/Work/Project/DeviceManager/sp2/dde_devicemanager/build-deepin-devicemanager-unknown-Debug/Makefile&quot;  VERBOSE=1 deepin-devicemanager/fast"/>
					<CompileFile command="/usr/bin/make -j8 -f &quot;/data/home/liujun/Work/Project/DeviceManager/sp2/dde_devicemanager/build-deepin-devicemanager-unknown-Debug/Makefile&quot;  VERBOSE=1 &quot;$file&quot;"/>
					<Clean command="/usr/bin/make -j8 -f &quot;/data/home/liujun/Work/Project/DeviceManager/sp2/dde_devicemanager/build-deepin-devicemanager-unknown-Debug/Makefile&quot;  VERBOSE=1 clean"/>
					<DistClean command="/usr/bin/make -j8 -f &quot;/data/home/liujun/Work/Project/DeviceManager/sp2/dde_devicemanager/build-deepin-devicemanager-unknown-Debug/Makefile&quot;  VERBOSE=1 clean"/>
				</MakeCommands>
			</Target>
			<Target title="rebuild_cache">
				<Option working_dir="/data/home/liujun/Work/Project/DeviceManager/sp2/dde_devicemanager/build-deepin-devicemanager-unknown-Debug"/>
				<Option type="4"/>
				<MakeCommands>
					<Build command="/usr/bin/make -j8 -f &quot;/data/home/liujun/Work/Project/DeviceManager/sp2/dde_devicemanager/build-deepin-devicemanager-unknown-Debug/Makefile&quot;  VERBOSE=1 rebuild_cache"/>
					<CompileFile command="/usr/bin/make -j8 -f &quot;/data/home/liujun/Work/Project/DeviceManager/sp2/dde_devicemanager/build-deepin-devicemanager-unknown-Debug/Makefile&quot;  VERBOSE=1 &quot;$file&quot;"/>
					<Clean command="/usr/bin/make -j8 -f &quot;/data/home/liujun/Work/Project/DeviceManager/sp2/dde_devicemanager/build-deepin-devicemanager-unknown-Debug/Makefile&quot;  VERBOSE=1 clean"/>
					<DistClean command="/usr/bin/make -j8 -f &quot;/data/home/liujun/Work/Project/DeviceManager/sp2/dde_devicemanager/build-deepin-devicemanager-unknown-Debug/Makefile&quot;  VERBOSE=1 clean"/>
				</MakeCommands>
			</Target>
			<Target title="install">
				<Option working_dir="/data/home/liujun/Work/Project/DeviceManager/sp2/dde_devicemanager/build-deepin-devicemanager-unknown-Debug"/>
				<Option type="4"/>
				<MakeCommands>
					<Build command="/usr/bin/make -j8 -f &quot;/data/home/liujun/Work/Project/DeviceManager/sp2/dde_devicemanager/build-deepin-devicemanager-unknown-Debug/Makefile&quot;  VERBOSE=1 install"/>
					<CompileFile command="/usr/bin/make -j8 -f &quot;/data/home/liujun/Work/Project/DeviceManager/sp2/dde_devicemanager/build-deepin-devicemanager-unknown-Debug/Makefile&quot;  VERBOSE=1 &quot;$file&quot;"/>
					<Clean command="/usr/bin/make -j8 -f &quot;/data/home/liujun/Work/Project/DeviceManager/sp2/dde_devicemanager/build-deepin-devicemanager-unknown-Debug/Makefile&quot;  VERBOSE=1 clean"/>
					<DistClean command="/usr/bin/make -j8 -f &quot;/data/home/liujun/Work/Project/DeviceManager/sp2/dde_devicemanager/build-deepin-devicemanager-unknown-Debug/Makefile&quot;  VERBOSE=1 clean"/>
				</MakeCommands>
			</Target>
			<Target title="deepin-devicemanager_autogen">
				<Option working_dir="/data/home/liujun/Work/Project/DeviceManager/sp2/dde_devicemanager/build-deepin-devicemanager-unknown-Debug"/>
				<Option type="4"/>
				<MakeCommands>
					<Build command="/usr/bin/make -j8 -f &quot;/data/home/liujun/Work/Project/DeviceManager/sp2/dde_devicemanager/build-deepin-devicemanager-unknown-Debug/Makefile&quot;  VERBOSE=1 deepin-devicemanager_autogen"/>
					<CompileFile command="/usr/bin/make -j8 -f &quot;/data/home/liujun/Work/Project/DeviceManager/sp2/dde_devicemanager/build-deepin-devicemanager-unknown-Debug/Makefile&quot;  VERBOSE=1 &quot;$file&quot;"/>
					<Clean command="/usr/bin/make -j8 -f &quot;/data/home/liujun/Work/Project/DeviceManager/sp2/dde_devicemanager/build-deepin-devicemanager-unknown-Debug/Makefile&quot;  VERBOSE=1 clean"/>
					<DistClean command="/usr/bin/make -j8 -f &quot;/data/home/liujun/Work/Project/DeviceManager/sp2/dde_devicemanager/build-deepin-devicemanager-unknown-Debug/Makefile&quot;  VERBOSE=1 clean"/>
				</MakeCommands>
			</Target>
		</Build>
		<Unit filename="/data/home/liujun/Work/Project/DeviceManager/sp2/dde_devicemanager/build-deepin-devicemanager-unknown-Debug/deepin-devicemanager_autogen/GBFAFXFCVO/qrc_appimage.cpp">
			<Option target="deepin-devicemanager"/>
		</Unit>
		<Unit filename="/data/home/liujun/Work/Project/DeviceManager/sp2/dde_devicemanager/build-deepin-devicemanager-unknown-Debug/deepin-devicemanager_autogen/GBFAFXFCVO/qrc_appimage.cpp.rule">
			<Option target="deepin-devicemanager"/>
		</Unit>
		<Unit filename="/data/home/liujun/Work/Project/DeviceManager/sp2/dde_devicemanager/build-deepin-devicemanager-unknown-Debug/deepin-devicemanager_autogen/mocs_compilation.cpp">
			<Option target="deepin-devicemanager"/>
		</Unit>
		<Unit filename="/data/home/liujun/Work/Project/DeviceManager/sp2/dde_devicemanager/deepin-devicemanager/3rdparty/QtXlsxWriter/src/xlsx/doc/snippets/doc_src_qtxlsx.cpp">
			<Option target="deepin-devicemanager"/>
		</Unit>
		<Unit filename="/data/home/liujun/Work/Project/DeviceManager/sp2/dde_devicemanager/deepin-devicemanager/3rdparty/QtXlsxWriter/src/xlsx/xlsxabstractooxmlfile.cpp">
			<Option target="deepin-devicemanager"/>
		</Unit>
		<Unit filename="/data/home/liujun/Work/Project/DeviceManager/sp2/dde_devicemanager/deepin-devicemanager/3rdparty/QtXlsxWriter/src/xlsx/xlsxabstractooxmlfile.h">
			<Option target="deepin-devicemanager"/>
		</Unit>
		<Unit filename="/data/home/liujun/Work/Project/DeviceManager/sp2/dde_devicemanager/deepin-devicemanager/3rdparty/QtXlsxWriter/src/xlsx/xlsxabstractsheet.cpp">
			<Option target="deepin-devicemanager"/>
		</Unit>
		<Unit filename="/data/home/liujun/Work/Project/DeviceManager/sp2/dde_devicemanager/deepin-devicemanager/3rdparty/QtXlsxWriter/src/xlsx/xlsxabstractsheet.h">
			<Option target="deepin-devicemanager"/>
		</Unit>
		<Unit filename="/data/home/liujun/Work/Project/DeviceManager/sp2/dde_devicemanager/deepin-devicemanager/3rdparty/QtXlsxWriter/src/xlsx/xlsxcell.cpp">
			<Option target="deepin-devicemanager"/>
		</Unit>
		<Unit filename="/data/home/liujun/Work/Project/DeviceManager/sp2/dde_devicemanager/deepin-devicemanager/3rdparty/QtXlsxWriter/src/xlsx/xlsxcell.h">
			<Option target="deepin-devicemanager"/>
		</Unit>
		<Unit filename="/data/home/liujun/Work/Project/DeviceManager/sp2/dde_devicemanager/deepin-devicemanager/3rdparty/QtXlsxWriter/src/xlsx/xlsxcellformula.cpp">
			<Option target="deepin-devicemanager"/>
		</Unit>
		<Unit filename="/data/home/liujun/Work/Project/DeviceManager/sp2/dde_devicemanager/deepin-devicemanager/3rdparty/QtXlsxWriter/src/xlsx/xlsxcellformula.h">
			<Option target="deepin-devicemanager"/>
		</Unit>
		<Unit filename="/data/home/liujun/Work/Project/DeviceManager/sp2/dde_devicemanager/deepin-devicemanager/3rdparty/QtXlsxWriter/src/xlsx/xlsxcellrange.cpp">
			<Option target="deepin-devicemanager"/>
		</Unit>
		<Unit filename="/data/home/liujun/Work/Project/DeviceManager/sp2/dde_devicemanager/deepin-devicemanager/3rdparty/QtXlsxWriter/src/xlsx/xlsxcellrange.h">
			<Option target="deepin-devicemanager"/>
		</Unit>
		<Unit filename="/data/home/liujun/Work/Project/DeviceManager/sp2/dde_devicemanager/deepin-devicemanager/3rdparty/QtXlsxWriter/src/xlsx/xlsxcellreference.cpp">
			<Option target="deepin-devicemanager"/>
		</Unit>
		<Unit filename="/data/home/liujun/Work/Project/DeviceManager/sp2/dde_devicemanager/deepin-devicemanager/3rdparty/QtXlsxWriter/src/xlsx/xlsxcellreference.h">
			<Option target="deepin-devicemanager"/>
		</Unit>
		<Unit filename="/data/home/liujun/Work/Project/DeviceManager/sp2/dde_devicemanager/deepin-devicemanager/3rdparty/QtXlsxWriter/src/xlsx/xlsxchart.cpp">
			<Option target="deepin-devicemanager"/>
		</Unit>
		<Unit filename="/data/home/liujun/Work/Project/DeviceManager/sp2/dde_devicemanager/deepin-devicemanager/3rdparty/QtXlsxWriter/src/xlsx/xlsxchart.h">
			<Option target="deepin-devicemanager"/>
		</Unit>
		<Unit filename="/data/home/liujun/Work/Project/DeviceManager/sp2/dde_devicemanager/deepin-devicemanager/3rdparty/QtXlsxWriter/src/xlsx/xlsxchartsheet.cpp">
			<Option target="deepin-devicemanager"/>
		</Unit>
		<Unit filename="/data/home/liujun/Work/Project/DeviceManager/sp2/dde_devicemanager/deepin-devicemanager/3rdparty/QtXlsxWriter/src/xlsx/xlsxchartsheet.h">
			<Option target="deepin-devicemanager"/>
		</Unit>
		<Unit filename="/data/home/liujun/Work/Project/DeviceManager/sp2/dde_devicemanager/deepin-devicemanager/3rdparty/QtXlsxWriter/src/xlsx/xlsxcolor.cpp">
			<Option target="deepin-devicemanager"/>
		</Unit>
		<Unit filename="/data/home/liujun/Work/Project/DeviceManager/sp2/dde_devicemanager/deepin-devicemanager/3rdparty/QtXlsxWriter/src/xlsx/xlsxconditionalformatting.cpp">
			<Option target="deepin-devicemanager"/>
		</Unit>
		<Unit filename="/data/home/liujun/Work/Project/DeviceManager/sp2/dde_devicemanager/deepin-devicemanager/3rdparty/QtXlsxWriter/src/xlsx/xlsxconditionalformatting.h">
			<Option target="deepin-devicemanager"/>
		</Unit>
		<Unit filename="/data/home/liujun/Work/Project/DeviceManager/sp2/dde_devicemanager/deepin-devicemanager/3rdparty/QtXlsxWriter/src/xlsx/xlsxcontenttypes.cpp">
			<Option target="deepin-devicemanager"/>
		</Unit>
		<Unit filename="/data/home/liujun/Work/Project/DeviceManager/sp2/dde_devicemanager/deepin-devicemanager/3rdparty/QtXlsxWriter/src/xlsx/xlsxdatavalidation.cpp">
			<Option target="deepin-devicemanager"/>
		</Unit>
		<Unit filename="/data/home/liujun/Work/Project/DeviceManager/sp2/dde_devicemanager/deepin-devicemanager/3rdparty/QtXlsxWriter/src/xlsx/xlsxdatavalidation.h">
			<Option target="deepin-devicemanager"/>
		</Unit>
		<Unit filename="/data/home/liujun/Work/Project/DeviceManager/sp2/dde_devicemanager/deepin-devicemanager/3rdparty/QtXlsxWriter/src/xlsx/xlsxdocpropsapp.cpp">
			<Option target="deepin-devicemanager"/>
		</Unit>
		<Unit filename="/data/home/liujun/Work/Project/DeviceManager/sp2/dde_devicemanager/deepin-devicemanager/3rdparty/QtXlsxWriter/src/xlsx/xlsxdocpropscore.cpp">
			<Option target="deepin-devicemanager"/>
		</Unit>
		<Unit filename="/data/home/liujun/Work/Project/DeviceManager/sp2/dde_devicemanager/deepin-devicemanager/3rdparty/QtXlsxWriter/src/xlsx/xlsxdocument.cpp">
			<Option target="deepin-devicemanager"/>
		</Unit>
		<Unit filename="/data/home/liujun/Work/Project/DeviceManager/sp2/dde_devicemanager/deepin-devicemanager/3rdparty/QtXlsxWriter/src/xlsx/xlsxdocument.h">
			<Option target="deepin-devicemanager"/>
		</Unit>
		<Unit filename="/data/home/liujun/Work/Project/DeviceManager/sp2/dde_devicemanager/deepin-devicemanager/3rdparty/QtXlsxWriter/src/xlsx/xlsxdrawing.cpp">
			<Option target="deepin-devicemanager"/>
		</Unit>
		<Unit filename="/data/home/liujun/Work/Project/DeviceManager/sp2/dde_devicemanager/deepin-devicemanager/3rdparty/QtXlsxWriter/src/xlsx/xlsxdrawinganchor.cpp">
			<Option target="deepin-devicemanager"/>
		</Unit>
		<Unit filename="/data/home/liujun/Work/Project/DeviceManager/sp2/dde_devicemanager/deepin-devicemanager/3rdparty/QtXlsxWriter/src/xlsx/xlsxformat.cpp">
			<Option target="deepin-devicemanager"/>
		</Unit>
		<Unit filename="/data/home/liujun/Work/Project/DeviceManager/sp2/dde_devicemanager/deepin-devicemanager/3rdparty/QtXlsxWriter/src/xlsx/xlsxformat.h">
			<Option target="deepin-devicemanager"/>
		</Unit>
		<Unit filename="/data/home/liujun/Work/Project/DeviceManager/sp2/dde_devicemanager/deepin-devicemanager/3rdparty/QtXlsxWriter/src/xlsx/xlsxmediafile.cpp">
			<Option target="deepin-devicemanager"/>
		</Unit>
		<Unit filename="/data/home/liujun/Work/Project/DeviceManager/sp2/dde_devicemanager/deepin-devicemanager/3rdparty/QtXlsxWriter/src/xlsx/xlsxnumformatparser.cpp">
			<Option target="deepin-devicemanager"/>
		</Unit>
		<Unit filename="/data/home/liujun/Work/Project/DeviceManager/sp2/dde_devicemanager/deepin-devicemanager/3rdparty/QtXlsxWriter/src/xlsx/xlsxrelationships.cpp">
			<Option target="deepin-devicemanager"/>
		</Unit>
		<Unit filename="/data/home/liujun/Work/Project/DeviceManager/sp2/dde_devicemanager/deepin-devicemanager/3rdparty/QtXlsxWriter/src/xlsx/xlsxrichstring.cpp">
			<Option target="deepin-devicemanager"/>
		</Unit>
		<Unit filename="/data/home/liujun/Work/Project/DeviceManager/sp2/dde_devicemanager/deepin-devicemanager/3rdparty/QtXlsxWriter/src/xlsx/xlsxrichstring.h">
			<Option target="deepin-devicemanager"/>
		</Unit>
		<Unit filename="/data/home/liujun/Work/Project/DeviceManager/sp2/dde_devicemanager/deepin-devicemanager/3rdparty/QtXlsxWriter/src/xlsx/xlsxsharedstrings.cpp">
			<Option target="deepin-devicemanager"/>
		</Unit>
		<Unit filename="/data/home/liujun/Work/Project/DeviceManager/sp2/dde_devicemanager/deepin-devicemanager/3rdparty/QtXlsxWriter/src/xlsx/xlsxsimpleooxmlfile.cpp">
			<Option target="deepin-devicemanager"/>
		</Unit>
		<Unit filename="/data/home/liujun/Work/Project/DeviceManager/sp2/dde_devicemanager/deepin-devicemanager/3rdparty/QtXlsxWriter/src/xlsx/xlsxstyles.cpp">
			<Option target="deepin-devicemanager"/>
		</Unit>
		<Unit filename="/data/home/liujun/Work/Project/DeviceManager/sp2/dde_devicemanager/deepin-devicemanager/3rdparty/QtXlsxWriter/src/xlsx/xlsxtheme.cpp">
			<Option target="deepin-devicemanager"/>
		</Unit>
		<Unit filename="/data/home/liujun/Work/Project/DeviceManager/sp2/dde_devicemanager/deepin-devicemanager/3rdparty/QtXlsxWriter/src/xlsx/xlsxutility.cpp">
			<Option target="deepin-devicemanager"/>
		</Unit>
		<Unit filename="/data/home/liujun/Work/Project/DeviceManager/sp2/dde_devicemanager/deepin-devicemanager/3rdparty/QtXlsxWriter/src/xlsx/xlsxworkbook.cpp">
			<Option target="deepin-devicemanager"/>
		</Unit>
		<Unit filename="/data/home/liujun/Work/Project/DeviceManager/sp2/dde_devicemanager/deepin-devicemanager/3rdparty/QtXlsxWriter/src/xlsx/xlsxworkbook.h">
			<Option target="deepin-devicemanager"/>
		</Unit>
		<Unit filename="/data/home/liujun/Work/Project/DeviceManager/sp2/dde_devicemanager/deepin-devicemanager/3rdparty/QtXlsxWriter/src/xlsx/xlsxworksheet.cpp">
			<Option target="deepin-devicemanager"/>
		</Unit>
		<Unit filename="/data/home/liujun/Work/Project/DeviceManager/sp2/dde_devicemanager/deepin-devicemanager/3rdparty/QtXlsxWriter/src/xlsx/xlsxworksheet.h">
			<Option target="deepin-devicemanager"/>
		</Unit>
		<Unit filename="/data/home/liujun/Work/Project/DeviceManager/sp2/dde_devicemanager/deepin-devicemanager/3rdparty/QtXlsxWriter/src/xlsx/xlsxzipreader.cpp">
			<Option target="deepin-devicemanager"/>
		</Unit>
		<Unit filename="/data/home/liujun/Work/Project/DeviceManager/sp2/dde_devicemanager/deepin-devicemanager/3rdparty/QtXlsxWriter/src/xlsx/xlsxzipwriter.cpp">
			<Option target="deepin-devicemanager"/>
		</Unit>
		<Unit filename="/data/home/liujun/Work/Project/DeviceManager/sp2/dde_devicemanager/deepin-devicemanager/3rdparty/docx/document.cpp">
			<Option target="deepin-devicemanager"/>
		</Unit>
		<Unit filename="/data/home/liujun/Work/Project/DeviceManager/sp2/dde_devicemanager/deepin-devicemanager/3rdparty/docx/document.h">
			<Option target="deepin-devicemanager"/>
		</Unit>
		<Unit filename="/data/home/liujun/Work/Project/DeviceManager/sp2/dde_devicemanager/deepin-devicemanager/3rdparty/docx/enums/enumtext.cpp">
			<Option target="deepin-devicemanager"/>
		</Unit>
		<Unit filename="/data/home/liujun/Work/Project/DeviceManager/sp2/dde_devicemanager/deepin-devicemanager/3rdparty/docx/enums/enumtext.h">
			<Option target="deepin-devicemanager"/>
		</Unit>
		<Unit filename="/data/home/liujun/Work/Project/DeviceManager/sp2/dde_devicemanager/deepin-devicemanager/3rdparty/docx/image/image.cpp">
			<Option target="deepin-devicemanager"/>
		</Unit>
		<Unit filename="/data/home/liujun/Work/Project/DeviceManager/sp2/dde_devicemanager/deepin-devicemanager/3rdparty/docx/image/image.h">
			<Option target="deepin-devicemanager"/>
		</Unit>
		<Unit filename="/data/home/liujun/Work/Project/DeviceManager/sp2/dde_devicemanager/deepin-devicemanager/3rdparty/docx/length.cpp">
			<Option target="deepin-devicemanager"/>
		</Unit>
		<Unit filename="/data/home/liujun/Work/Project/DeviceManager/sp2/dde_devicemanager/deepin-devicemanager/3rdparty/docx/length.h">
			<Option target="deepin-devicemanager"/>
		</Unit>
		<Unit filename="/data/home/liujun/Work/Project/DeviceManager/sp2/dde_devicemanager/deepin-devicemanager/3rdparty/docx/opc/constants.cpp">
			<Option target="deepin-devicemanager"/>
		</Unit>
		<Unit filename="/data/home/liujun/Work/Project/DeviceManager/sp2/dde_devicemanager/deepin-devicemanager/3rdparty/docx/opc/constants.h">
			<Option target="deepin-devicemanager"/>
		</Unit>
		<Unit filename="/data/home/liujun/Work/Project/DeviceManager/sp2/dde_devicemanager/deepin-devicemanager/3rdparty/docx/opc/contenttypemap.cpp">
			<Option target="deepin-devicemanager"/>
		</Unit>
		<Unit filename="/data/home/liujun/Work/Project/DeviceManager/sp2/dde_devicemanager/deepin-devicemanager/3rdparty/docx/opc/contenttypemap.h">
			<Option target="deepin-devicemanager"/>
		</Unit>
		<Unit filename="/data/home/liujun/Work/Project/DeviceManager/sp2/dde_devicemanager/deepin-devicemanager/3rdparty/docx/opc/coreproperties.cpp">
			<Option target="deepin-devicemanager"/>
		</Unit>
		<Unit filename="/data/home/liujun/Work/Project/DeviceManager/sp2/dde_devicemanager/deepin-devicemanager/3rdparty/docx/opc/coreproperties.h">
			<Option target="deepin-devicemanager"/>
		</Unit>
		<Unit filename="/data/home/liujun/Work/Project/DeviceManager/sp2/dde_devicemanager/deepin-devicemanager/3rdparty/docx/opc/opcpackage.cpp">
			<Option target="deepin-devicemanager"/>
		</Unit>
		<Unit filename="/data/home/liujun/Work/Project/DeviceManager/sp2/dde_devicemanager/deepin-devicemanager/3rdparty/docx/opc/opcpackage.h">
			<Option target="deepin-devicemanager"/>
		</Unit>
		<Unit filename="/data/home/liujun/Work/Project/DeviceManager/sp2/dde_devicemanager/deepin-devicemanager/3rdparty/docx/opc/oxml.cpp">
			<Option target="deepin-devicemanager"/>
		</Unit>
		<Unit filename="/data/home/liujun/Work/Project/DeviceManager/sp2/dde_devicemanager/deepin-devicemanager/3rdparty/docx/opc/oxml.h">
			<Option target="deepin-devicemanager"/>
		</Unit>
		<Unit filename="/data/home/liujun/Work/Project/DeviceManager/sp2/dde_devicemanager/deepin-devicemanager/3rdparty/docx/opc/packagereader.cpp">
			<Option target="deepin-devicemanager"/>
		</Unit>
		<Unit filename="/data/home/liujun/Work/Project/DeviceManager/sp2/dde_devicemanager/deepin-devicemanager/3rdparty/docx/opc/packagereader.h">
			<Option target="deepin-devicemanager"/>
		</Unit>
		<Unit filename="/data/home/liujun/Work/Project/DeviceManager/sp2/dde_devicemanager/deepin-devicemanager/3rdparty/docx/opc/packagewriter.cpp">
			<Option target="deepin-devicemanager"/>
		</Unit>
		<Unit filename="/data/home/liujun/Work/Project/DeviceManager/sp2/dde_devicemanager/deepin-devicemanager/3rdparty/docx/opc/packagewriter.h">
			<Option target="deepin-devicemanager"/>
		</Unit>
		<Unit filename="/data/home/liujun/Work/Project/DeviceManager/sp2/dde_devicemanager/deepin-devicemanager/3rdparty/docx/opc/packuri.cpp">
			<Option target="deepin-devicemanager"/>
		</Unit>
		<Unit filename="/data/home/liujun/Work/Project/DeviceManager/sp2/dde_devicemanager/deepin-devicemanager/3rdparty/docx/opc/packuri.h">
			<Option target="deepin-devicemanager"/>
		</Unit>
		<Unit filename="/data/home/liujun/Work/Project/DeviceManager/sp2/dde_devicemanager/deepin-devicemanager/3rdparty/docx/opc/part.cpp">
			<Option target="deepin-devicemanager"/>
		</Unit>
		<Unit filename="/data/home/liujun/Work/Project/DeviceManager/sp2/dde_devicemanager/deepin-devicemanager/3rdparty/docx/opc/part.h">
			<Option target="deepin-devicemanager"/>
		</Unit>
		<Unit filename="/data/home/liujun/Work/Project/DeviceManager/sp2/dde_devicemanager/deepin-devicemanager/3rdparty/docx/opc/parts/corepropertiespart.cpp">
			<Option target="deepin-devicemanager"/>
		</Unit>
		<Unit filename="/data/home/liujun/Work/Project/DeviceManager/sp2/dde_devicemanager/deepin-devicemanager/3rdparty/docx/opc/parts/corepropertiespart.h">
			<Option target="deepin-devicemanager"/>
		</Unit>
		<Unit filename="/data/home/liujun/Work/Project/DeviceManager/sp2/dde_devicemanager/deepin-devicemanager/3rdparty/docx/opc/physpkgreader.cpp">
			<Option target="deepin-devicemanager"/>
		</Unit>
		<Unit filename="/data/home/liujun/Work/Project/DeviceManager/sp2/dde_devicemanager/deepin-devicemanager/3rdparty/docx/opc/physpkgreader.h">
			<Option target="deepin-devicemanager"/>
		</Unit>
		<Unit filename="/data/home/liujun/Work/Project/DeviceManager/sp2/dde_devicemanager/deepin-devicemanager/3rdparty/docx/opc/physpkgwriter.cpp">
			<Option target="deepin-devicemanager"/>
		</Unit>
		<Unit filename="/data/home/liujun/Work/Project/DeviceManager/sp2/dde_devicemanager/deepin-devicemanager/3rdparty/docx/opc/physpkgwriter.h">
			<Option target="deepin-devicemanager"/>
		</Unit>
		<Unit filename="/data/home/liujun/Work/Project/DeviceManager/sp2/dde_devicemanager/deepin-devicemanager/3rdparty/docx/opc/rel.cpp">
			<Option target="deepin-devicemanager"/>
		</Unit>
		<Unit filename="/data/home/liujun/Work/Project/DeviceManager/sp2/dde_devicemanager/deepin-devicemanager/3rdparty/docx/opc/rel.h">
			<Option target="deepin-devicemanager"/>
		</Unit>
		<Unit filename="/data/home/liujun/Work/Project/DeviceManager/sp2/dde_devicemanager/deepin-devicemanager/3rdparty/docx/opc/serializedrelationships.cpp">
			<Option target="deepin-devicemanager"/>
		</Unit>
		<Unit filename="/data/home/liujun/Work/Project/DeviceManager/sp2/dde_devicemanager/deepin-devicemanager/3rdparty/docx/opc/serializedrelationships.h">
			<Option target="deepin-devicemanager"/>
		</Unit>
		<Unit filename="/data/home/liujun/Work/Project/DeviceManager/sp2/dde_devicemanager/deepin-devicemanager/3rdparty/docx/oxml/oxmlshape.cpp">
			<Option target="deepin-devicemanager"/>
		</Unit>
		<Unit filename="/data/home/liujun/Work/Project/DeviceManager/sp2/dde_devicemanager/deepin-devicemanager/3rdparty/docx/oxml/oxmlshape.h">
			<Option target="deepin-devicemanager"/>
		</Unit>
		<Unit filename="/data/home/liujun/Work/Project/DeviceManager/sp2/dde_devicemanager/deepin-devicemanager/3rdparty/docx/oxml/oxmltable.cpp">
			<Option target="deepin-devicemanager"/>
		</Unit>
		<Unit filename="/data/home/liujun/Work/Project/DeviceManager/sp2/dde_devicemanager/deepin-devicemanager/3rdparty/docx/oxml/oxmltable.h">
			<Option target="deepin-devicemanager"/>
		</Unit>
		<Unit filename="/data/home/liujun/Work/Project/DeviceManager/sp2/dde_devicemanager/deepin-devicemanager/3rdparty/docx/oxml/oxmltext.cpp">
			<Option target="deepin-devicemanager"/>
		</Unit>
		<Unit filename="/data/home/liujun/Work/Project/DeviceManager/sp2/dde_devicemanager/deepin-devicemanager/3rdparty/docx/oxml/oxmltext.h">
			<Option target="deepin-devicemanager"/>
		</Unit>
		<Unit filename="/data/home/liujun/Work/Project/DeviceManager/sp2/dde_devicemanager/deepin-devicemanager/3rdparty/docx/oxml/parts/oxmldocument.cpp">
			<Option target="deepin-devicemanager"/>
		</Unit>
		<Unit filename="/data/home/liujun/Work/Project/DeviceManager/sp2/dde_devicemanager/deepin-devicemanager/3rdparty/docx/oxml/parts/oxmldocument.h">
			<Option target="deepin-devicemanager"/>
		</Unit>
		<Unit filename="/data/home/liujun/Work/Project/DeviceManager/sp2/dde_devicemanager/deepin-devicemanager/3rdparty/docx/oxml/xmlchemy.cpp">
			<Option target="deepin-devicemanager"/>
		</Unit>
		<Unit filename="/data/home/liujun/Work/Project/DeviceManager/sp2/dde_devicemanager/deepin-devicemanager/3rdparty/docx/oxml/xmlchemy.h">
			<Option target="deepin-devicemanager"/>
		</Unit>
		<Unit filename="/data/home/liujun/Work/Project/DeviceManager/sp2/dde_devicemanager/deepin-devicemanager/3rdparty/docx/package.cpp">
			<Option target="deepin-devicemanager"/>
		</Unit>
		<Unit filename="/data/home/liujun/Work/Project/DeviceManager/sp2/dde_devicemanager/deepin-devicemanager/3rdparty/docx/package.h">
			<Option target="deepin-devicemanager"/>
		</Unit>
		<Unit filename="/data/home/liujun/Work/Project/DeviceManager/sp2/dde_devicemanager/deepin-devicemanager/3rdparty/docx/parts/documentpart.cpp">
			<Option target="deepin-devicemanager"/>
		</Unit>
		<Unit filename="/data/home/liujun/Work/Project/DeviceManager/sp2/dde_devicemanager/deepin-devicemanager/3rdparty/docx/parts/documentpart.h">
			<Option target="deepin-devicemanager"/>
		</Unit>
		<Unit filename="/data/home/liujun/Work/Project/DeviceManager/sp2/dde_devicemanager/deepin-devicemanager/3rdparty/docx/parts/imagepart.cpp">
			<Option target="deepin-devicemanager"/>
		</Unit>
		<Unit filename="/data/home/liujun/Work/Project/DeviceManager/sp2/dde_devicemanager/deepin-devicemanager/3rdparty/docx/parts/imagepart.h">
			<Option target="deepin-devicemanager"/>
		</Unit>
		<Unit filename="/data/home/liujun/Work/Project/DeviceManager/sp2/dde_devicemanager/deepin-devicemanager/3rdparty/docx/shape.cpp">
			<Option target="deepin-devicemanager"/>
		</Unit>
		<Unit filename="/data/home/liujun/Work/Project/DeviceManager/sp2/dde_devicemanager/deepin-devicemanager/3rdparty/docx/shape.h">
			<Option target="deepin-devicemanager"/>
		</Unit>
		<Unit filename="/data/home/liujun/Work/Project/DeviceManager/sp2/dde_devicemanager/deepin-devicemanager/3rdparty/docx/shared.cpp">
			<Option target="deepin-devicemanager"/>
		</Unit>
		<Unit filename="/data/home/liujun/Work/Project/DeviceManager/sp2/dde_devicemanager/deepin-devicemanager/3rdparty/docx/shared.h">
			<Option target="deepin-devicemanager"/>
		</Unit>
		<Unit filename="/data/home/liujun/Work/Project/DeviceManager/sp2/dde_devicemanager/deepin-devicemanager/3rdparty/docx/table.cpp">
			<Option target="deepin-devicemanager"/>
		</Unit>
		<Unit filename="/data/home/liujun/Work/Project/DeviceManager/sp2/dde_devicemanager/deepin-devicemanager/3rdparty/docx/table.h">
			<Option target="deepin-devicemanager"/>
		</Unit>
		<Unit filename="/data/home/liujun/Work/Project/DeviceManager/sp2/dde_devicemanager/deepin-devicemanager/3rdparty/docx/text.cpp">
			<Option target="deepin-devicemanager"/>
		</Unit>
		<Unit filename="/data/home/liujun/Work/Project/DeviceManager/sp2/dde_devicemanager/deepin-devicemanager/3rdparty/docx/text.h">
			<Option target="deepin-devicemanager"/>
		</Unit>
		<Unit filename="/data/home/liujun/Work/Project/DeviceManager/sp2/dde_devicemanager/deepin-devicemanager/assets/appimage.qrc">
			<Option target="deepin-devicemanager"/>
		</Unit>
		<Unit filename="/data/home/liujun/Work/Project/DeviceManager/sp2/dde_devicemanager/deepin-devicemanager/src/DeviceManager/DeviceAudio.cpp">
			<Option target="deepin-devicemanager"/>
		</Unit>
		<Unit filename="/data/home/liujun/Work/Project/DeviceManager/sp2/dde_devicemanager/deepin-devicemanager/src/DeviceManager/DeviceAudio.h">
			<Option target="deepin-devicemanager"/>
		</Unit>
		<Unit filename="/data/home/liujun/Work/Project/DeviceManager/sp2/dde_devicemanager/deepin-devicemanager/src/DeviceManager/DeviceBios.cpp">
			<Option target="deepin-devicemanager"/>
		</Unit>
		<Unit filename="/data/home/liujun/Work/Project/DeviceManager/sp2/dde_devicemanager/deepin-devicemanager/src/DeviceManager/DeviceBios.h">
			<Option target="deepin-devicemanager"/>
		</Unit>
		<Unit filename="/data/home/liujun/Work/Project/DeviceManager/sp2/dde_devicemanager/deepin-devicemanager/src/DeviceManager/DeviceBluetooth.cpp">
			<Option target="deepin-devicemanager"/>
		</Unit>
		<Unit filename="/data/home/liujun/Work/Project/DeviceManager/sp2/dde_devicemanager/deepin-devicemanager/src/DeviceManager/DeviceBluetooth.h">
			<Option target="deepin-devicemanager"/>
		</Unit>
		<Unit filename="/data/home/liujun/Work/Project/DeviceManager/sp2/dde_devicemanager/deepin-devicemanager/src/DeviceManager/DeviceCPU.cpp">
			<Option target="deepin-devicemanager"/>
		</Unit>
		<Unit filename="/data/home/liujun/Work/Project/DeviceManager/sp2/dde_devicemanager/deepin-devicemanager/src/DeviceManager/DeviceCdrom.cpp">
			<Option target="deepin-devicemanager"/>
		</Unit>
		<Unit filename="/data/home/liujun/Work/Project/DeviceManager/sp2/dde_devicemanager/deepin-devicemanager/src/DeviceManager/DeviceCdrom.h">
			<Option target="deepin-devicemanager"/>
		</Unit>
		<Unit filename="/data/home/liujun/Work/Project/DeviceManager/sp2/dde_devicemanager/deepin-devicemanager/src/DeviceManager/DeviceComputer.cpp">
			<Option target="deepin-devicemanager"/>
		</Unit>
		<Unit filename="/data/home/liujun/Work/Project/DeviceManager/sp2/dde_devicemanager/deepin-devicemanager/src/DeviceManager/DeviceComputer.h">
			<Option target="deepin-devicemanager"/>
		</Unit>
		<Unit filename="/data/home/liujun/Work/Project/DeviceManager/sp2/dde_devicemanager/deepin-devicemanager/src/DeviceManager/DeviceGPU.cpp">
			<Option target="deepin-devicemanager"/>
		</Unit>
		<Unit filename="/data/home/liujun/Work/Project/DeviceManager/sp2/dde_devicemanager/deepin-devicemanager/src/DeviceManager/DeviceImage.cpp">
			<Option target="deepin-devicemanager"/>
		</Unit>
		<Unit filename="/data/home/liujun/Work/Project/DeviceManager/sp2/dde_devicemanager/deepin-devicemanager/src/DeviceManager/DeviceImage.h">
			<Option target="deepin-devicemanager"/>
		</Unit>
		<Unit filename="/data/home/liujun/Work/Project/DeviceManager/sp2/dde_devicemanager/deepin-devicemanager/src/DeviceManager/DeviceInfo.cpp">
			<Option target="deepin-devicemanager"/>
		</Unit>
		<Unit filename="/data/home/liujun/Work/Project/DeviceManager/sp2/dde_devicemanager/deepin-devicemanager/src/DeviceManager/DeviceInfo.h">
			<Option target="deepin-devicemanager"/>
		</Unit>
		<Unit filename="/data/home/liujun/Work/Project/DeviceManager/sp2/dde_devicemanager/deepin-devicemanager/src/DeviceManager/DeviceKeyboard.cpp">
			<Option target="deepin-devicemanager"/>
		</Unit>
		<Unit filename="/data/home/liujun/Work/Project/DeviceManager/sp2/dde_devicemanager/deepin-devicemanager/src/DeviceManager/DeviceKeyboard.h">
			<Option target="deepin-devicemanager"/>
		</Unit>
		<Unit filename="/data/home/liujun/Work/Project/DeviceManager/sp2/dde_devicemanager/deepin-devicemanager/src/DeviceManager/DeviceManager.cpp">
			<Option target="deepin-devicemanager"/>
		</Unit>
		<Unit filename="/data/home/liujun/Work/Project/DeviceManager/sp2/dde_devicemanager/deepin-devicemanager/src/DeviceManager/DeviceManager.h">
			<Option target="deepin-devicemanager"/>
		</Unit>
		<Unit filename="/data/home/liujun/Work/Project/DeviceManager/sp2/dde_devicemanager/deepin-devicemanager/src/DeviceManager/DeviceMemory.cpp">
			<Option target="deepin-devicemanager"/>
		</Unit>
		<Unit filename="/data/home/liujun/Work/Project/DeviceManager/sp2/dde_devicemanager/deepin-devicemanager/src/DeviceManager/DeviceMemory.h">
			<Option target="deepin-devicemanager"/>
		</Unit>
		<Unit filename="/data/home/liujun/Work/Project/DeviceManager/sp2/dde_devicemanager/deepin-devicemanager/src/DeviceManager/DeviceMonitor.cpp">
			<Option target="deepin-devicemanager"/>
		</Unit>
		<Unit filename="/data/home/liujun/Work/Project/DeviceManager/sp2/dde_devicemanager/deepin-devicemanager/src/DeviceManager/DeviceMonitor.h">
			<Option target="deepin-devicemanager"/>
		</Unit>
		<Unit filename="/data/home/liujun/Work/Project/DeviceManager/sp2/dde_devicemanager/deepin-devicemanager/src/DeviceManager/DeviceMouse.cpp">
			<Option target="deepin-devicemanager"/>
		</Unit>
		<Unit filename="/data/home/liujun/Work/Project/DeviceManager/sp2/dde_devicemanager/deepin-devicemanager/src/DeviceManager/DeviceMouse.h">
			<Option target="deepin-devicemanager"/>
		</Unit>
		<Unit filename="/data/home/liujun/Work/Project/DeviceManager/sp2/dde_devicemanager/deepin-devicemanager/src/DeviceManager/DeviceNetwork.cpp">
			<Option target="deepin-devicemanager"/>
		</Unit>
		<Unit filename="/data/home/liujun/Work/Project/DeviceManager/sp2/dde_devicemanager/deepin-devicemanager/src/DeviceManager/DeviceNetwork.h">
			<Option target="deepin-devicemanager"/>
		</Unit>
		<Unit filename="/data/home/liujun/Work/Project/DeviceManager/sp2/dde_devicemanager/deepin-devicemanager/src/DeviceManager/DeviceOtherPCI.cpp">
			<Option target="deepin-devicemanager"/>
		</Unit>
		<Unit filename="/data/home/liujun/Work/Project/DeviceManager/sp2/dde_devicemanager/deepin-devicemanager/src/DeviceManager/DeviceOtherPCI.h">
			<Option target="deepin-devicemanager"/>
		</Unit>
		<Unit filename="/data/home/liujun/Work/Project/DeviceManager/sp2/dde_devicemanager/deepin-devicemanager/src/DeviceManager/DeviceOthers.cpp">
			<Option target="deepin-devicemanager"/>
		</Unit>
		<Unit filename="/data/home/liujun/Work/Project/DeviceManager/sp2/dde_devicemanager/deepin-devicemanager/src/DeviceManager/DeviceOthers.h">
			<Option target="deepin-devicemanager"/>
		</Unit>
		<Unit filename="/data/home/liujun/Work/Project/DeviceManager/sp2/dde_devicemanager/deepin-devicemanager/src/DeviceManager/DevicePower.cpp">
			<Option target="deepin-devicemanager"/>
		</Unit>
		<Unit filename="/data/home/liujun/Work/Project/DeviceManager/sp2/dde_devicemanager/deepin-devicemanager/src/DeviceManager/DevicePower.h">
			<Option target="deepin-devicemanager"/>
		</Unit>
		<Unit filename="/data/home/liujun/Work/Project/DeviceManager/sp2/dde_devicemanager/deepin-devicemanager/src/DeviceManager/DevicePrint.cpp">
			<Option target="deepin-devicemanager"/>
		</Unit>
		<Unit filename="/data/home/liujun/Work/Project/DeviceManager/sp2/dde_devicemanager/deepin-devicemanager/src/DeviceManager/DevicePrint.h">
			<Option target="deepin-devicemanager"/>
		</Unit>
		<Unit filename="/data/home/liujun/Work/Project/DeviceManager/sp2/dde_devicemanager/deepin-devicemanager/src/DeviceManager/DeviceStorage.cpp">
			<Option target="deepin-devicemanager"/>
		</Unit>
		<Unit filename="/data/home/liujun/Work/Project/DeviceManager/sp2/dde_devicemanager/deepin-devicemanager/src/DeviceManager/DeviceStorage.h">
			<Option target="deepin-devicemanager"/>
		</Unit>
		<Unit filename="/data/home/liujun/Work/Project/DeviceManager/sp2/dde_devicemanager/deepin-devicemanager/src/LoadDeviceInfo.cpp">
			<Option target="deepin-devicemanager"/>
		</Unit>
		<Unit filename="/data/home/liujun/Work/Project/DeviceManager/sp2/dde_devicemanager/deepin-devicemanager/src/LoadDeviceInfo.h">
			<Option target="deepin-devicemanager"/>
		</Unit>
		<Unit filename="/data/home/liujun/Work/Project/DeviceManager/sp2/dde_devicemanager/deepin-devicemanager/src/LoadInfo/ArmGenerator.cpp">
			<Option target="deepin-devicemanager"/>
		</Unit>
		<Unit filename="/data/home/liujun/Work/Project/DeviceManager/sp2/dde_devicemanager/deepin-devicemanager/src/LoadInfo/ArmGenerator.h">
			<Option target="deepin-devicemanager"/>
		</Unit>
		<Unit filename="/data/home/liujun/Work/Project/DeviceManager/sp2/dde_devicemanager/deepin-devicemanager/src/LoadInfo/CmdTool.cpp">
			<Option target="deepin-devicemanager"/>
		</Unit>
		<Unit filename="/data/home/liujun/Work/Project/DeviceManager/sp2/dde_devicemanager/deepin-devicemanager/src/LoadInfo/CmdTool.h">
			<Option target="deepin-devicemanager"/>
		</Unit>
		<Unit filename="/data/home/liujun/Work/Project/DeviceManager/sp2/dde_devicemanager/deepin-devicemanager/src/LoadInfo/DeviceFactory.cpp">
			<Option target="deepin-devicemanager"/>
		</Unit>
		<Unit filename="/data/home/liujun/Work/Project/DeviceManager/sp2/dde_devicemanager/deepin-devicemanager/src/LoadInfo/DeviceFactory.h">
			<Option target="deepin-devicemanager"/>
		</Unit>
		<Unit filename="/data/home/liujun/Work/Project/DeviceManager/sp2/dde_devicemanager/deepin-devicemanager/src/LoadInfo/DeviceGenerator.cpp">
			<Option target="deepin-devicemanager"/>
		</Unit>
		<Unit filename="/data/home/liujun/Work/Project/DeviceManager/sp2/dde_devicemanager/deepin-devicemanager/src/LoadInfo/DeviceGenerator.h">
			<Option target="deepin-devicemanager"/>
		</Unit>
		<Unit filename="/data/home/liujun/Work/Project/DeviceManager/sp2/dde_devicemanager/deepin-devicemanager/src/LoadInfo/EDIDParser.cpp">
			<Option target="deepin-devicemanager"/>
		</Unit>
		<Unit filename="/data/home/liujun/Work/Project/DeviceManager/sp2/dde_devicemanager/deepin-devicemanager/src/LoadInfo/EDIDParser.h">
			<Option target="deepin-devicemanager"/>
		</Unit>
		<Unit filename="/data/home/liujun/Work/Project/DeviceManager/sp2/dde_devicemanager/deepin-devicemanager/src/LoadInfo/KLUGenerator.cpp">
			<Option target="deepin-devicemanager"/>
		</Unit>
		<Unit filename="/data/home/liujun/Work/Project/DeviceManager/sp2/dde_devicemanager/deepin-devicemanager/src/LoadInfo/KLUGenerator.h">
			<Option target="deepin-devicemanager"/>
		</Unit>
		<Unit filename="/data/home/liujun/Work/Project/DeviceManager/sp2/dde_devicemanager/deepin-devicemanager/src/LoadInfo/MipsGenerator.cpp">
			<Option target="deepin-devicemanager"/>
		</Unit>
		<Unit filename="/data/home/liujun/Work/Project/DeviceManager/sp2/dde_devicemanager/deepin-devicemanager/src/LoadInfo/MipsGenerator.h">
			<Option target="deepin-devicemanager"/>
		</Unit>
		<Unit filename="/data/home/liujun/Work/Project/DeviceManager/sp2/dde_devicemanager/deepin-devicemanager/src/LoadInfo/PanguGenerator.cpp">
			<Option target="deepin-devicemanager"/>
		</Unit>
		<Unit filename="/data/home/liujun/Work/Project/DeviceManager/sp2/dde_devicemanager/deepin-devicemanager/src/LoadInfo/PanguGenerator.h">
			<Option target="deepin-devicemanager"/>
		</Unit>
		<Unit filename="/data/home/liujun/Work/Project/DeviceManager/sp2/dde_devicemanager/deepin-devicemanager/src/LoadInfo/PanguVGenerator.cpp">
			<Option target="deepin-devicemanager"/>
		</Unit>
		<Unit filename="/data/home/liujun/Work/Project/DeviceManager/sp2/dde_devicemanager/deepin-devicemanager/src/LoadInfo/PanguVGenerator.h">
			<Option target="deepin-devicemanager"/>
		</Unit>
		<Unit filename="/data/home/liujun/Work/Project/DeviceManager/sp2/dde_devicemanager/deepin-devicemanager/src/LoadInfo/X86Generator.cpp">
			<Option target="deepin-devicemanager"/>
		</Unit>
		<Unit filename="/data/home/liujun/Work/Project/DeviceManager/sp2/dde_devicemanager/deepin-devicemanager/src/LoadInfo/X86Generator.h">
			<Option target="deepin-devicemanager"/>
		</Unit>
		<Unit filename="/data/home/liujun/Work/Project/DeviceManager/sp2/dde_devicemanager/deepin-devicemanager/src/ThreadPool/ThreadPool.cpp">
			<Option target="deepin-devicemanager"/>
		</Unit>
		<Unit filename="/data/home/liujun/Work/Project/DeviceManager/sp2/dde_devicemanager/deepin-devicemanager/src/ThreadPool/ThreadPool.h">
			<Option target="deepin-devicemanager"/>
		</Unit>
		<Unit filename="/data/home/liujun/Work/Project/DeviceManager/sp2/dde_devicemanager/deepin-devicemanager/src/Widget/TextBrowser.cpp">
			<Option target="deepin-devicemanager"/>
		</Unit>
		<Unit filename="/data/home/liujun/Work/Project/DeviceManager/sp2/dde_devicemanager/deepin-devicemanager/src/Widget/TextBrowser.h">
			<Option target="deepin-devicemanager"/>
		</Unit>
		<Unit filename="/data/home/liujun/Work/Project/DeviceManager/sp2/dde_devicemanager/deepin-devicemanager/src/Widget/audiodevicewidget.cpp">
			<Option target="deepin-devicemanager"/>
		</Unit>
		<Unit filename="/data/home/liujun/Work/Project/DeviceManager/sp2/dde_devicemanager/deepin-devicemanager/src/Widget/audiodevicewidget.h">
			<Option target="deepin-devicemanager"/>
		</Unit>
		<Unit filename="/data/home/liujun/Work/Project/DeviceManager/sp2/dde_devicemanager/deepin-devicemanager/src/Widget/bluetoothwidget.cpp">
			<Option target="deepin-devicemanager"/>
		</Unit>
		<Unit filename="/data/home/liujun/Work/Project/DeviceManager/sp2/dde_devicemanager/deepin-devicemanager/src/Widget/bluetoothwidget.h">
			<Option target="deepin-devicemanager"/>
		</Unit>
		<Unit filename="/data/home/liujun/Work/Project/DeviceManager/sp2/dde_devicemanager/deepin-devicemanager/src/Widget/bottomroundframe.cpp">
			<Option target="deepin-devicemanager"/>
		</Unit>
		<Unit filename="/data/home/liujun/Work/Project/DeviceManager/sp2/dde_devicemanager/deepin-devicemanager/src/Widget/bottomroundframe.h">
			<Option target="deepin-devicemanager"/>
		</Unit>
		<Unit filename="/data/home/liujun/Work/Project/DeviceManager/sp2/dde_devicemanager/deepin-devicemanager/src/Widget/camerawidget.cpp">
			<Option target="deepin-devicemanager"/>
		</Unit>
		<Unit filename="/data/home/liujun/Work/Project/DeviceManager/sp2/dde_devicemanager/deepin-devicemanager/src/Widget/camerawidget.h">
			<Option target="deepin-devicemanager"/>
		</Unit>
		<Unit filename="/data/home/liujun/Work/Project/DeviceManager/sp2/dde_devicemanager/deepin-devicemanager/src/Widget/cdromwidget.cpp">
			<Option target="deepin-devicemanager"/>
		</Unit>
		<Unit filename="/data/home/liujun/Work/Project/DeviceManager/sp2/dde_devicemanager/deepin-devicemanager/src/Widget/cdromwidget.h">
			<Option target="deepin-devicemanager"/>
		</Unit>
		<Unit filename="/data/home/liujun/Work/Project/DeviceManager/sp2/dde_devicemanager/deepin-devicemanager/src/Widget/cloumnwidget.cpp">
			<Option target="deepin-devicemanager"/>
		</Unit>
		<Unit filename="/data/home/liujun/Work/Project/DeviceManager/sp2/dde_devicemanager/deepin-devicemanager/src/Widget/cloumnwidget.h">
			<Option target="deepin-devicemanager"/>
		</Unit>
		<Unit filename="/data/home/liujun/Work/Project/DeviceManager/sp2/dde_devicemanager/deepin-devicemanager/src/Widget/computeroverviewwidget.cpp">
			<Option target="deepin-devicemanager"/>
		</Unit>
		<Unit filename="/data/home/liujun/Work/Project/DeviceManager/sp2/dde_devicemanager/deepin-devicemanager/src/Widget/computeroverviewwidget.h">
			<Option target="deepin-devicemanager"/>
		</Unit>
		<Unit filename="/data/home/liujun/Work/Project/DeviceManager/sp2/dde_devicemanager/deepin-devicemanager/src/Widget/cpuwidget.cpp">
			<Option target="deepin-devicemanager"/>
		</Unit>
		<Unit filename="/data/home/liujun/Work/Project/DeviceManager/sp2/dde_devicemanager/deepin-devicemanager/src/Widget/cpuwidget.h">
			<Option target="deepin-devicemanager"/>
		</Unit>
		<Unit filename="/data/home/liujun/Work/Project/DeviceManager/sp2/dde_devicemanager/deepin-devicemanager/src/Widget/deviceinfowidgetbase.cpp">
			<Option target="deepin-devicemanager"/>
		</Unit>
		<Unit filename="/data/home/liujun/Work/Project/DeviceManager/sp2/dde_devicemanager/deepin-devicemanager/src/Widget/deviceinfowidgetbase.h">
			<Option target="deepin-devicemanager"/>
		</Unit>
		<Unit filename="/data/home/liujun/Work/Project/DeviceManager/sp2/dde_devicemanager/deepin-devicemanager/src/Widget/devicelistview.cpp">
			<Option target="deepin-devicemanager"/>
		</Unit>
		<Unit filename="/data/home/liujun/Work/Project/DeviceManager/sp2/dde_devicemanager/deepin-devicemanager/src/Widget/devicelistview.h">
			<Option target="deepin-devicemanager"/>
		</Unit>
		<Unit filename="/data/home/liujun/Work/Project/DeviceManager/sp2/dde_devicemanager/deepin-devicemanager/src/Widget/diskwidget.cpp">
			<Option target="deepin-devicemanager"/>
		</Unit>
		<Unit filename="/data/home/liujun/Work/Project/DeviceManager/sp2/dde_devicemanager/deepin-devicemanager/src/Widget/diskwidget.h">
			<Option target="deepin-devicemanager"/>
		</Unit>
		<Unit filename="/data/home/liujun/Work/Project/DeviceManager/sp2/dde_devicemanager/deepin-devicemanager/src/Widget/displayadapterwidget.cpp">
			<Option target="deepin-devicemanager"/>
		</Unit>
		<Unit filename="/data/home/liujun/Work/Project/DeviceManager/sp2/dde_devicemanager/deepin-devicemanager/src/Widget/displayadapterwidget.h">
			<Option target="deepin-devicemanager"/>
		</Unit>
		<Unit filename="/data/home/liujun/Work/Project/DeviceManager/sp2/dde_devicemanager/deepin-devicemanager/src/Widget/keyboardwidget.cpp">
			<Option target="deepin-devicemanager"/>
		</Unit>
		<Unit filename="/data/home/liujun/Work/Project/DeviceManager/sp2/dde_devicemanager/deepin-devicemanager/src/Widget/keyboardwidget.h">
			<Option target="deepin-devicemanager"/>
		</Unit>
		<Unit filename="/data/home/liujun/Work/Project/DeviceManager/sp2/dde_devicemanager/deepin-devicemanager/src/Widget/logpasswordauth.cpp">
			<Option target="deepin-devicemanager"/>
		</Unit>
		<Unit filename="/data/home/liujun/Work/Project/DeviceManager/sp2/dde_devicemanager/deepin-devicemanager/src/Widget/logpasswordauth.h">
			<Option target="deepin-devicemanager"/>
		</Unit>
		<Unit filename="/data/home/liujun/Work/Project/DeviceManager/sp2/dde_devicemanager/deepin-devicemanager/src/Widget/logtreeview.cpp">
			<Option target="deepin-devicemanager"/>
		</Unit>
		<Unit filename="/data/home/liujun/Work/Project/DeviceManager/sp2/dde_devicemanager/deepin-devicemanager/src/Widget/logtreeview.h">
			<Option target="deepin-devicemanager"/>
		</Unit>
		<Unit filename="/data/home/liujun/Work/Project/DeviceManager/sp2/dde_devicemanager/deepin-devicemanager/src/Widget/logviewheaderview.cpp">
			<Option target="deepin-devicemanager"/>
		</Unit>
		<Unit filename="/data/home/liujun/Work/Project/DeviceManager/sp2/dde_devicemanager/deepin-devicemanager/src/Widget/logviewheaderview.h">
			<Option target="deepin-devicemanager"/>
		</Unit>
		<Unit filename="/data/home/liujun/Work/Project/DeviceManager/sp2/dde_devicemanager/deepin-devicemanager/src/Widget/logviewitemdelegate.cpp">
			<Option target="deepin-devicemanager"/>
		</Unit>
		<Unit filename="/data/home/liujun/Work/Project/DeviceManager/sp2/dde_devicemanager/deepin-devicemanager/src/Widget/logviewitemdelegate.h">
			<Option target="deepin-devicemanager"/>
		</Unit>
		<Unit filename="/data/home/liujun/Work/Project/DeviceManager/sp2/dde_devicemanager/deepin-devicemanager/src/Widget/memorywidget.cpp">
			<Option target="deepin-devicemanager"/>
		</Unit>
		<Unit filename="/data/home/liujun/Work/Project/DeviceManager/sp2/dde_devicemanager/deepin-devicemanager/src/Widget/memorywidget.h">
			<Option target="deepin-devicemanager"/>
		</Unit>
		<Unit filename="/data/home/liujun/Work/Project/DeviceManager/sp2/dde_devicemanager/deepin-devicemanager/src/Widget/monitorwidget.cpp">
			<Option target="deepin-devicemanager"/>
		</Unit>
		<Unit filename="/data/home/liujun/Work/Project/DeviceManager/sp2/dde_devicemanager/deepin-devicemanager/src/Widget/monitorwidget.h">
			<Option target="deepin-devicemanager"/>
		</Unit>
		<Unit filename="/data/home/liujun/Work/Project/DeviceManager/sp2/dde_devicemanager/deepin-devicemanager/src/Widget/motherboardwidget.cpp">
			<Option target="deepin-devicemanager"/>
		</Unit>
		<Unit filename="/data/home/liujun/Work/Project/DeviceManager/sp2/dde_devicemanager/deepin-devicemanager/src/Widget/motherboardwidget.h">
			<Option target="deepin-devicemanager"/>
		</Unit>
		<Unit filename="/data/home/liujun/Work/Project/DeviceManager/sp2/dde_devicemanager/deepin-devicemanager/src/Widget/mousewidget.cpp">
			<Option target="deepin-devicemanager"/>
		</Unit>
		<Unit filename="/data/home/liujun/Work/Project/DeviceManager/sp2/dde_devicemanager/deepin-devicemanager/src/Widget/mousewidget.h">
			<Option target="deepin-devicemanager"/>
		</Unit>
		<Unit filename="/data/home/liujun/Work/Project/DeviceManager/sp2/dde_devicemanager/deepin-devicemanager/src/Widget/networkadapterwidget.cpp">
			<Option target="deepin-devicemanager"/>
		</Unit>
		<Unit filename="/data/home/liujun/Work/Project/DeviceManager/sp2/dde_devicemanager/deepin-devicemanager/src/Widget/networkadapterwidget.h">
			<Option target="deepin-devicemanager"/>
		</Unit>
		<Unit filename="/data/home/liujun/Work/Project/DeviceManager/sp2/dde_devicemanager/deepin-devicemanager/src/Widget/otherdevicewidget.cpp">
			<Option target="deepin-devicemanager"/>
		</Unit>
		<Unit filename="/data/home/liujun/Work/Project/DeviceManager/sp2/dde_devicemanager/deepin-devicemanager/src/Widget/otherdevicewidget.h">
			<Option target="deepin-devicemanager"/>
		</Unit>
		<Unit filename="/data/home/liujun/Work/Project/DeviceManager/sp2/dde_devicemanager/deepin-devicemanager/src/Widget/otherpcidevice.cpp">
			<Option target="deepin-devicemanager"/>
		</Unit>
		<Unit filename="/data/home/liujun/Work/Project/DeviceManager/sp2/dde_devicemanager/deepin-devicemanager/src/Widget/otherpcidevice.h">
			<Option target="deepin-devicemanager"/>
		</Unit>
		<Unit filename="/data/home/liujun/Work/Project/DeviceManager/sp2/dde_devicemanager/deepin-devicemanager/src/Widget/powerwidget.cpp">
			<Option target="deepin-devicemanager"/>
		</Unit>
		<Unit filename="/data/home/liujun/Work/Project/DeviceManager/sp2/dde_devicemanager/deepin-devicemanager/src/Widget/powerwidget.h">
			<Option target="deepin-devicemanager"/>
		</Unit>
		<Unit filename="/data/home/liujun/Work/Project/DeviceManager/sp2/dde_devicemanager/deepin-devicemanager/src/Widget/printerwidget.cpp">
			<Option target="deepin-devicemanager"/>
		</Unit>
		<Unit filename="/data/home/liujun/Work/Project/DeviceManager/sp2/dde_devicemanager/deepin-devicemanager/src/Widget/printerwidget.h">
			<Option target="deepin-devicemanager"/>
		</Unit>
		<Unit filename="/data/home/liujun/Work/Project/DeviceManager/sp2/dde_devicemanager/deepin-devicemanager/src/Widget/usbdevicewidget.cpp">
			<Option target="deepin-devicemanager"/>
		</Unit>
		<Unit filename="/data/home/liujun/Work/Project/DeviceManager/sp2/dde_devicemanager/deepin-devicemanager/src/Widget/usbdevicewidget.h">
			<Option target="deepin-devicemanager"/>
		</Unit>
		<Unit filename="/data/home/liujun/Work/Project/DeviceManager/sp2/dde_devicemanager/deepin-devicemanager/src/deviceattributedefine.cpp">
			<Option target="deepin-devicemanager"/>
		</Unit>
		<Unit filename="/data/home/liujun/Work/Project/DeviceManager/sp2/dde_devicemanager/deepin-devicemanager/src/deviceattributedefine.h">
			<Option target="deepin-devicemanager"/>
		</Unit>
		<Unit filename="/data/home/liujun/Work/Project/DeviceManager/sp2/dde_devicemanager/deepin-devicemanager/src/deviceinfoparser.cpp">
			<Option target="deepin-devicemanager"/>
		</Unit>
		<Unit filename="/data/home/liujun/Work/Project/DeviceManager/sp2/dde_devicemanager/deepin-devicemanager/src/deviceinfoparser.h">
			<Option target="deepin-devicemanager"/>
		</Unit>
		<Unit filename="/data/home/liujun/Work/Project/DeviceManager/sp2/dde_devicemanager/deepin-devicemanager/src/main.cpp">
			<Option target="deepin-devicemanager"/>
		</Unit>
		<Unit filename="/data/home/liujun/Work/Project/DeviceManager/sp2/dde_devicemanager/deepin-devicemanager/src/mainwindow.cpp">
			<Option target="deepin-devicemanager"/>
		</Unit>
		<Unit filename="/data/home/liujun/Work/Project/DeviceManager/sp2/dde_devicemanager/deepin-devicemanager/src/mainwindow.h">
			<Option target="deepin-devicemanager"/>
		</Unit>
		<Unit filename="/data/home/liujun/Work/Project/DeviceManager/sp2/dde_devicemanager/deepin-devicemanager/CMakeLists.txt">
			<Option virtualFolder="CMake Files\"/>
		</Unit>
		<Unit filename="/data/home/liujun/Work/Project/DeviceManager/sp2/dde_devicemanager/deepin-devicemanager/src/environments.h.in">
			<Option virtualFolder="CMake Files\src\"/>
		</Unit>
		<Unit filename="/data/home/liujun/Work/Project/DeviceManager/sp2/dde_devicemanager/deepin-devicemanager/../../../../../../../../../usr/lib/x86_64-linux-gnu/cmake/Qt5Widgets/Qt5WidgetsConfig.cmake">
			<Option virtualFolder="CMake Files\..\..\..\..\..\..\..\..\..\usr\lib\x86_64-linux-gnu\cmake\Qt5Widgets\"/>
		</Unit>
		<Unit filename="/data/home/liujun/Work/Project/DeviceManager/sp2/dde_devicemanager/deepin-devicemanager/../../../../../../../../../usr/lib/x86_64-linux-gnu/cmake/Qt5Widgets/Qt5WidgetsConfigExtras.cmake">
			<Option virtualFolder="CMake Files\..\..\..\..\..\..\..\..\..\usr\lib\x86_64-linux-gnu\cmake\Qt5Widgets\"/>
		</Unit>
		<Unit filename="/data/home/liujun/Work/Project/DeviceManager/sp2/dde_devicemanager/deepin-devicemanager/../../../../../../../../../usr/lib/x86_64-linux-gnu/cmake/Qt5Widgets/Qt5WidgetsConfigVersion.cmake">
			<Option virtualFolder="CMake Files\..\..\..\..\..\..\..\..\..\usr\lib\x86_64-linux-gnu\cmake\Qt5Widgets\"/>
		</Unit>
		<Unit filename="/data/home/liujun/Work/Project/DeviceManager/sp2/dde_devicemanager/deepin-devicemanager/../../../../../../../../../usr/lib/x86_64-linux-gnu/cmake/Qt5Widgets/Qt5WidgetsMacros.cmake">
			<Option virtualFolder="CMake Files\..\..\..\..\..\..\..\..\..\usr\lib\x86_64-linux-gnu\cmake\Qt5Widgets\"/>
		</Unit>
		<Unit filename="/data/home/liujun/Work/Project/DeviceManager/sp2/dde_devicemanager/deepin-devicemanager/../../../../../../../../../usr/lib/x86_64-linux-gnu/cmake/Qt5Gui/Qt5GuiConfig.cmake">
			<Option virtualFolder="CMake Files\..\..\..\..\..\..\..\..\..\usr\lib\x86_64-linux-gnu\cmake\Qt5Gui\"/>
		</Unit>
		<Unit filename="/data/home/liujun/Work/Project/DeviceManager/sp2/dde_devicemanager/deepin-devicemanager/../../../../../../../../../usr/lib/x86_64-linux-gnu/cmake/Qt5Gui/Qt5GuiConfigExtras.cmake">
			<Option virtualFolder="CMake Files\..\..\..\..\..\..\..\..\..\usr\lib\x86_64-linux-gnu\cmake\Qt5Gui\"/>
		</Unit>
		<Unit filename="/data/home/liujun/Work/Project/DeviceManager/sp2/dde_devicemanager/deepin-devicemanager/../../../../../../../../../usr/lib/x86_64-linux-gnu/cmake/Qt5Gui/Qt5GuiConfigVersion.cmake">
			<Option virtualFolder="CMake Files\..\..\..\..\..\..\..\..\..\usr\lib\x86_64-linux-gnu\cmake\Qt5Gui\"/>
		</Unit>
		<Unit filename="/data/home/liujun/Work/Project/DeviceManager/sp2/dde_devicemanager/deepin-devicemanager/../../../../../../../../../usr/lib/x86_64-linux-gnu/cmake/Qt5Core/Qt5CoreConfig.cmake">
			<Option virtualFolder="CMake Files\..\..\..\..\..\..\..\..\..\usr\lib\x86_64-linux-gnu\cmake\Qt5Core\"/>
		</Unit>
		<Unit filename="/data/home/liujun/Work/Project/DeviceManager/sp2/dde_devicemanager/deepin-devicemanager/../../../../../../../../../usr/lib/x86_64-linux-gnu/cmake/Qt5Core/Qt5CoreConfigExtras.cmake">
			<Option virtualFolder="CMake Files\..\..\..\..\..\..\..\..\..\usr\lib\x86_64-linux-gnu\cmake\Qt5Core\"/>
		</Unit>
		<Unit filename="/data/home/liujun/Work/Project/DeviceManager/sp2/dde_devicemanager/deepin-devicemanager/../../../../../../../../../usr/lib/x86_64-linux-gnu/cmake/Qt5Core/Qt5CoreConfigExtrasMkspecDir.cmake">
			<Option virtualFolder="CMake Files\..\..\..\..\..\..\..\..\..\usr\lib\x86_64-linux-gnu\cmake\Qt5Core\"/>
		</Unit>
		<Unit filename="/data/home/liujun/Work/Project/DeviceManager/sp2/dde_devicemanager/deepin-devicemanager/../../../../../../../../../usr/lib/x86_64-linux-gnu/cmake/Qt5Core/Qt5CoreConfigVersion.cmake">
			<Option virtualFolder="CMake Files\..\..\..\..\..\..\..\..\..\usr\lib\x86_64-linux-gnu\cmake\Qt5Core\"/>
		</Unit>
		<Unit filename="/data/home/liujun/Work/Project/DeviceManager/sp2/dde_devicemanager/deepin-devicemanager/../../../../../../../../../usr/lib/x86_64-linux-gnu/cmake/Qt5Core/Qt5CoreMacros.cmake">
			<Option virtualFolder="CMake Files\..\..\..\..\..\..\..\..\..\usr\lib\x86_64-linux-gnu\cmake\Qt5Core\"/>
		</Unit>
		<Unit filename="/data/home/liujun/Work/Project/DeviceManager/sp2/dde_devicemanager/deepin-devicemanager/../../../../../../../../../usr/lib/x86_64-linux-gnu/cmake/Qt5/Qt5Config.cmake">
			<Option virtualFolder="CMake Files\..\..\..\..\..\..\..\..\..\usr\lib\x86_64-linux-gnu\cmake\Qt5\"/>
		</Unit>
		<Unit filename="/data/home/liujun/Work/Project/DeviceManager/sp2/dde_devicemanager/deepin-devicemanager/../../../../../../../../../usr/lib/x86_64-linux-gnu/cmake/Qt5/Qt5ConfigVersion.cmake">
			<Option virtualFolder="CMake Files\..\..\..\..\..\..\..\..\..\usr\lib\x86_64-linux-gnu\cmake\Qt5\"/>
		</Unit>
		<Unit filename="/data/home/liujun/Work/Project/DeviceManager/sp2/dde_devicemanager/deepin-devicemanager/../../../../../../../../../usr/lib/x86_64-linux-gnu/cmake/Qt5/Qt5ModuleLocation.cmake">
			<Option virtualFolder="CMake Files\..\..\..\..\..\..\..\..\..\usr\lib\x86_64-linux-gnu\cmake\Qt5\"/>
		</Unit>
		<Unit filename="/data/home/liujun/Work/Project/DeviceManager/sp2/dde_devicemanager/deepin-devicemanager/../../../../../../../../../usr/lib/x86_64-linux-gnu/cmake/Qt5DBus/Qt5DBusConfig.cmake">
			<Option virtualFolder="CMake Files\..\..\..\..\..\..\..\..\..\usr\lib\x86_64-linux-gnu\cmake\Qt5DBus\"/>
		</Unit>
		<Unit filename="/data/home/liujun/Work/Project/DeviceManager/sp2/dde_devicemanager/deepin-devicemanager/../../../../../../../../../usr/lib/x86_64-linux-gnu/cmake/Qt5DBus/Qt5DBusConfigExtras.cmake">
			<Option virtualFolder="CMake Files\..\..\..\..\..\..\..\..\..\usr\lib\x86_64-linux-gnu\cmake\Qt5DBus\"/>
		</Unit>
		<Unit filename="/data/home/liujun/Work/Project/DeviceManager/sp2/dde_devicemanager/deepin-devicemanager/../../../../../../../../../usr/lib/x86_64-linux-gnu/cmake/Qt5DBus/Qt5DBusConfigVersion.cmake">
			<Option virtualFolder="CMake Files\..\..\..\..\..\..\..\..\..\usr\lib\x86_64-linux-gnu\cmake\Qt5DBus\"/>
		</Unit>
		<Unit filename="/data/home/liujun/Work/Project/DeviceManager/sp2/dde_devicemanager/deepin-devicemanager/../../../../../../../../../usr/lib/x86_64-linux-gnu/cmake/Qt5DBus/Qt5DBusMacros.cmake">
			<Option virtualFolder="CMake Files\..\..\..\..\..\..\..\..\..\usr\lib\x86_64-linux-gnu\cmake\Qt5DBus\"/>
		</Unit>
		<Unit filename="/data/home/liujun/Work/Project/DeviceManager/sp2/dde_devicemanager/deepin-devicemanager/../../../../../../../../../usr/lib/x86_64-linux-gnu/cmake/Qt5Xml/Qt5XmlConfig.cmake">
			<Option virtualFolder="CMake Files\..\..\..\..\..\..\..\..\..\usr\lib\x86_64-linux-gnu\cmake\Qt5Xml\"/>
		</Unit>
		<Unit filename="/data/home/liujun/Work/Project/DeviceManager/sp2/dde_devicemanager/deepin-devicemanager/../../../../../../../../../usr/lib/x86_64-linux-gnu/cmake/Qt5Xml/Qt5XmlConfigVersion.cmake">
			<Option virtualFolder="CMake Files\..\..\..\..\..\..\..\..\..\usr\lib\x86_64-linux-gnu\cmake\Qt5Xml\"/>
		</Unit>
		<Unit filename="/data/home/liujun/Work/Project/DeviceManager/sp2/dde_devicemanager/deepin-devicemanager/../../../../../../../../../usr/lib/x86_64-linux-gnu/cmake/DtkWidget/DtkWidgetConfig.cmake">
			<Option virtualFolder="CMake Files\..\..\..\..\..\..\..\..\..\usr\lib\x86_64-linux-gnu\cmake\DtkWidget\"/>
		</Unit>
		<Unit filename="/data/home/liujun/Work/Project/DeviceManager/sp2/dde_devicemanager/deepin-devicemanager/../../../../../../../../../usr/lib/x86_64-linux-gnu/cmake/Dtk/DtkConfig.cmake">
			<Option virtualFolder="CMake Files\..\..\..\..\..\..\..\..\..\usr\lib\x86_64-linux-gnu\cmake\Dtk\"/>
		</Unit>
		<Unit filename="/data/home/liujun/Work/Project/DeviceManager/sp2/dde_devicemanager/deepin-devicemanager/../../../../../../../../../usr/lib/x86_64-linux-gnu/cmake/DtkCore/DtkCoreConfig.cmake">
			<Option virtualFolder="CMake Files\..\..\..\..\..\..\..\..\..\usr\lib\x86_64-linux-gnu\cmake\DtkCore\"/>
		</Unit>
		<Unit filename="/data/home/liujun/Work/Project/DeviceManager/sp2/dde_devicemanager/deepin-devicemanager/../../../../../../../../../usr/lib/x86_64-linux-gnu/cmake/DtkGui/DtkGuiConfig.cmake">
			<Option virtualFolder="CMake Files\..\..\..\..\..\..\..\..\..\usr\lib\x86_64-linux-gnu\cmake\DtkGui\"/>
		</Unit>
		<Unit filename="/data/home/liujun/Work/Project/DeviceManager/sp2/dde_devicemanager/deepin-devicemanager/../../../../../../../../../usr/lib/x86_64-linux-gnu/cmake/DFrameworkdbus/DFrameworkdbusConfig.cmake">
			<Option virtualFolder="CMake Files\..\..\..\..\..\..\..\..\..\usr\lib\x86_64-linux-gnu\cmake\DFrameworkdbus\"/>
		</Unit>
		<Unit filename="/data/home/liujun/Work/Project/DeviceManager/sp2/dde_devicemanager/deepin-devicemanager/assets/appimage.qrc">
			<Option virtualFolder="CMake Files\assets\"/>
		</Unit>
	</Project>
</CodeBlocks_project_file>
